
Microsoft Visual Studio Solution File, Format Version 12.00
# Visual Studio 2013
VisualStudioVersion = 12.0.31101.0
MinimumVisualStudioVersion = 10.0.40219.1
Project("{FAE04EC0-301F-11D3-BF4B-00C04F79EFBC}") = "SparRetail.Api", "SparRetail.Api\SparRetail.Api.csproj", "{1617A88D-2BBB-47A5-8F1D-F201DBD70DEE}"
EndProject
Project("{FAE04EC0-301F-11D3-BF4B-00C04F79EFBC}") = "SparRetail.Api.Controllers", "SparRetail.Api.Controllers\SparRetail.Api.Controllers.csproj", "{AF8F8C96-8EF6-4D1C-BA32-0BB442D33A01}"
EndProject
Project("{FAE04EC0-301F-11D3-BF4B-00C04F79EFBC}") = "SparRetail.Core", "SparRetail.Core\SparRetail.Core.csproj", "{E9A4DD6F-40D4-4261-8465-668BD47731E2}"
EndProject
Project("{FAE04EC0-301F-11D3-BF4B-00C04F79EFBC}") = "SparRetail.Models", "SparRetail.Models\SparRetail.Models.csproj", "{0816E6FB-1C15-488F-9190-98F1D6977BF7}"
EndProject
Project("{2150E333-8FDC-42A3-9474-1A3956D46DE8}") = "Api", "Api", "{A85D9EDF-9B06-44AC-BD99-6C5B7643A601}"
EndProject
Project("{2150E333-8FDC-42A3-9474-1A3956D46DE8}") = "Core", "Core", "{55C4802C-D528-4C81-A7B8-BE827CC3B947}"
EndProject
Project("{2150E333-8FDC-42A3-9474-1A3956D46DE8}") = "Models", "Models", "{D31766F0-55B0-41AF-9C5D-D5ABD0A7779B}"
EndProject
Project("{2150E333-8FDC-42A3-9474-1A3956D46DE8}") = "UI", "UI", "{EA8C59FE-F3B8-4FD5-B635-421F5E89DA8D}"
EndProject
Project("{FAE04EC0-301F-11D3-BF4B-00C04F79EFBC}") = "SparRetail.Suppliers", "SparRetail.Suppliers\SparRetail.Suppliers.csproj", "{45673CE3-9B69-4FA8-ACE2-5A401A0B3467}"
EndProject
Project("{FAE04EC0-301F-11D3-BF4B-00C04F79EFBC}") = "SparRetail.Interop", "SparRetail.Interop\SparRetail.Interop.csproj", "{1B5B1899-D697-4050-A31F-CFACD8C4BFEE}"
EndProject
Project("{FAE04EC0-301F-11D3-BF4B-00C04F79EFBC}") = "SparRetail.ApiBroker", "SparRetail.ApiBroker\SparRetail.ApiBroker.csproj", "{40F1ED6F-D7DC-43EC-9839-F4D8B81C65C1}"
EndProject
Project("{2150E333-8FDC-42A3-9474-1A3956D46DE8}") = "Tests", "Tests", "{9A98E310-5CDF-4C15-A9A8-5A2B6414365A}"
EndProject
Project("{FAE04EC0-301F-11D3-BF4B-00C04F79EFBC}") = "SparRetail.Api.Tests", "SparRetail.Api.Tests\SparRetail.Api.Tests.csproj", "{4C13D102-58DC-4CA7-AEFB-D6B5E48D2160}"
EndProject
Project("{FAE04EC0-301F-11D3-BF4B-00C04F79EFBC}") = "SparRetail.Products", "SparRetail.Products\SparRetail.Products.csproj", "{3EFA8B6C-03F3-44D3-B008-526D4E2A76E2}"
EndProject
Project("{FAE04EC0-301F-11D3-BF4B-00C04F79EFBC}") = "SparRetail.Orders", "SparRetail.Orders\SparRetail.Orders.csproj", "{3CCF1977-5317-49EF-9F7A-67B8C14AB65F}"
EndProject
Project("{FAE04EC0-301F-11D3-BF4B-00C04F79EFBC}") = "SparRetail.Retailers", "SparRetail.Retailers\SparRetail.Retailers.csproj", "{E258DBE3-1CEA-49B5-8072-D340DBFB6328}"
EndProject
Project("{FAE04EC0-301F-11D3-BF4B-00C04F79EFBC}") = "SparRetail.Core.Tests", "SparRetail.Core.Tests\SparRetail.Core.Tests.csproj", "{76E7410D-07ED-4137-BB37-11DD004120D9}"
EndProject
Project("{FAE04EC0-301F-11D3-BF4B-00C04F79EFBC}") = "SparRetail.DatabaseConfigAdapter", "SparRetail.DatabaseConfigAdapter\SparRetail.DatabaseConfigAdapter.csproj", "{025C1A7B-C210-45D9-844B-A023AACE26AB}"
EndProject
Project("{FAE04EC0-301F-11D3-BF4B-00C04F79EFBC}") = "Spar.Retail.UI", "SparRetail.UI\Spar.Retail.UI.csproj", "{5F1FB09A-9139-4D4C-8D41-EEFAD3F46DF0}"
EndProject
Project("{FAE04EC0-301F-11D3-BF4B-00C04F79EFBC}") = "Spar.Retail.UI.Controllers", "SparRetail.UI.Controllers\Spar.Retail.UI.Controllers.csproj", "{5C62520E-B7BE-4007-ADF0-BB3FB620F95D}"
EndProject
Project("{FAE04EC0-301F-11D3-BF4B-00C04F79EFBC}") = "Spar.Retail.UI.Models", "Spar.Retail.UI.Models\Spar.Retail.UI.Models.csproj", "{D65604C2-2A5B-44F0-98CA-096ECAF1A9A5}"
EndProject
Project("{2150E333-8FDC-42A3-9474-1A3956D46DE8}") = "Components", "Components", "{A8E4F933-E213-4616-9C95-D3B1E98FC699}"
EndProject
Project("{FAE04EC0-301F-11D3-BF4B-00C04F79EFBC}") = "SparRetail.Components.OrderProcessor", "SparRetail.Components.OrderProcessor\SparRetail.Components.OrderProcessor.csproj", "{522FAF55-36F7-4592-AE54-2E74A5A3AD73}"
EndProject
Project("{2150E333-8FDC-42A3-9474-1A3956D46DE8}") = "PlugIns", "PlugIns", "{4074D673-9FC0-4EAB-8DA1-70BD50F27C26}"
EndProject
Project("{FAE04EC0-301F-11D3-BF4B-00C04F79EFBC}") = "SparRetail.PlugIns.OrderBasketFinalize.ConsoleHost", "SparRetail.PlugIns.OrderBasketFinalize.Console\SparRetail.PlugIns.OrderBasketFinalize.ConsoleHost.csproj", "{851CB3A4-0086-46EC-99CE-A25ABF45AFF7}"
EndProject
Project("{FAE04EC0-301F-11D3-BF4B-00C04F79EFBC}") = "SparRetail.PlugIns.Interop", "SparRetail.PlugIns.Interop\SparRetail.PlugIns.Interop.csproj", "{D751BCB1-EE82-4BF6-9360-271DE073E7E4}"
EndProject
Global
	GlobalSection(SolutionConfigurationPlatforms) = preSolution
		Debug|Any CPU = Debug|Any CPU
		Release|Any CPU = Release|Any CPU
	EndGlobalSection
	GlobalSection(ProjectConfigurationPlatforms) = postSolution
		{1617A88D-2BBB-47A5-8F1D-F201DBD70DEE}.Debug|Any CPU.ActiveCfg = Debug|Any CPU
		{1617A88D-2BBB-47A5-8F1D-F201DBD70DEE}.Debug|Any CPU.Build.0 = Debug|Any CPU
		{1617A88D-2BBB-47A5-8F1D-F201DBD70DEE}.Release|Any CPU.ActiveCfg = Release|Any CPU
		{1617A88D-2BBB-47A5-8F1D-F201DBD70DEE}.Release|Any CPU.Build.0 = Release|Any CPU
		{AF8F8C96-8EF6-4D1C-BA32-0BB442D33A01}.Debug|Any CPU.ActiveCfg = Debug|Any CPU
		{AF8F8C96-8EF6-4D1C-BA32-0BB442D33A01}.Debug|Any CPU.Build.0 = Debug|Any CPU
		{AF8F8C96-8EF6-4D1C-BA32-0BB442D33A01}.Release|Any CPU.ActiveCfg = Release|Any CPU
		{AF8F8C96-8EF6-4D1C-BA32-0BB442D33A01}.Release|Any CPU.Build.0 = Release|Any CPU
		{E9A4DD6F-40D4-4261-8465-668BD47731E2}.Debug|Any CPU.ActiveCfg = Debug|Any CPU
		{E9A4DD6F-40D4-4261-8465-668BD47731E2}.Debug|Any CPU.Build.0 = Debug|Any CPU
		{E9A4DD6F-40D4-4261-8465-668BD47731E2}.Release|Any CPU.ActiveCfg = Release|Any CPU
		{E9A4DD6F-40D4-4261-8465-668BD47731E2}.Release|Any CPU.Build.0 = Release|Any CPU
		{0816E6FB-1C15-488F-9190-98F1D6977BF7}.Debug|Any CPU.ActiveCfg = Debug|Any CPU
		{0816E6FB-1C15-488F-9190-98F1D6977BF7}.Debug|Any CPU.Build.0 = Debug|Any CPU
		{0816E6FB-1C15-488F-9190-98F1D6977BF7}.Release|Any CPU.ActiveCfg = Release|Any CPU
		{0816E6FB-1C15-488F-9190-98F1D6977BF7}.Release|Any CPU.Build.0 = Release|Any CPU
		{45673CE3-9B69-4FA8-ACE2-5A401A0B3467}.Debug|Any CPU.ActiveCfg = Debug|Any CPU
		{45673CE3-9B69-4FA8-ACE2-5A401A0B3467}.Debug|Any CPU.Build.0 = Debug|Any CPU
		{45673CE3-9B69-4FA8-ACE2-5A401A0B3467}.Release|Any CPU.ActiveCfg = Release|Any CPU
		{45673CE3-9B69-4FA8-ACE2-5A401A0B3467}.Release|Any CPU.Build.0 = Release|Any CPU
		{1B5B1899-D697-4050-A31F-CFACD8C4BFEE}.Debug|Any CPU.ActiveCfg = Debug|Any CPU
		{1B5B1899-D697-4050-A31F-CFACD8C4BFEE}.Debug|Any CPU.Build.0 = Debug|Any CPU
		{1B5B1899-D697-4050-A31F-CFACD8C4BFEE}.Release|Any CPU.ActiveCfg = Release|Any CPU
		{1B5B1899-D697-4050-A31F-CFACD8C4BFEE}.Release|Any CPU.Build.0 = Release|Any CPU
		{40F1ED6F-D7DC-43EC-9839-F4D8B81C65C1}.Debug|Any CPU.ActiveCfg = Debug|Any CPU
		{40F1ED6F-D7DC-43EC-9839-F4D8B81C65C1}.Debug|Any CPU.Build.0 = Debug|Any CPU
		{40F1ED6F-D7DC-43EC-9839-F4D8B81C65C1}.Release|Any CPU.ActiveCfg = Release|Any CPU
		{40F1ED6F-D7DC-43EC-9839-F4D8B81C65C1}.Release|Any CPU.Build.0 = Release|Any CPU
		{4C13D102-58DC-4CA7-AEFB-D6B5E48D2160}.Debug|Any CPU.ActiveCfg = Debug|Any CPU
		{4C13D102-58DC-4CA7-AEFB-D6B5E48D2160}.Debug|Any CPU.Build.0 = Debug|Any CPU
		{4C13D102-58DC-4CA7-AEFB-D6B5E48D2160}.Release|Any CPU.ActiveCfg = Release|Any CPU
		{4C13D102-58DC-4CA7-AEFB-D6B5E48D2160}.Release|Any CPU.Build.0 = Release|Any CPU
		{3EFA8B6C-03F3-44D3-B008-526D4E2A76E2}.Debug|Any CPU.ActiveCfg = Debug|Any CPU
		{3EFA8B6C-03F3-44D3-B008-526D4E2A76E2}.Debug|Any CPU.Build.0 = Debug|Any CPU
		{3EFA8B6C-03F3-44D3-B008-526D4E2A76E2}.Release|Any CPU.ActiveCfg = Release|Any CPU
		{3EFA8B6C-03F3-44D3-B008-526D4E2A76E2}.Release|Any CPU.Build.0 = Release|Any CPU
		{3CCF1977-5317-49EF-9F7A-67B8C14AB65F}.Debug|Any CPU.ActiveCfg = Debug|Any CPU
		{3CCF1977-5317-49EF-9F7A-67B8C14AB65F}.Debug|Any CPU.Build.0 = Debug|Any CPU
		{3CCF1977-5317-49EF-9F7A-67B8C14AB65F}.Release|Any CPU.ActiveCfg = Release|Any CPU
		{3CCF1977-5317-49EF-9F7A-67B8C14AB65F}.Release|Any CPU.Build.0 = Release|Any CPU
		{E258DBE3-1CEA-49B5-8072-D340DBFB6328}.Debug|Any CPU.ActiveCfg = Debug|Any CPU
		{E258DBE3-1CEA-49B5-8072-D340DBFB6328}.Debug|Any CPU.Build.0 = Debug|Any CPU
		{E258DBE3-1CEA-49B5-8072-D340DBFB6328}.Release|Any CPU.ActiveCfg = Release|Any CPU
		{E258DBE3-1CEA-49B5-8072-D340DBFB6328}.Release|Any CPU.Build.0 = Release|Any CPU
		{76E7410D-07ED-4137-BB37-11DD004120D9}.Debug|Any CPU.ActiveCfg = Debug|Any CPU
		{76E7410D-07ED-4137-BB37-11DD004120D9}.Debug|Any CPU.Build.0 = Debug|Any CPU
		{76E7410D-07ED-4137-BB37-11DD004120D9}.Release|Any CPU.ActiveCfg = Release|Any CPU
		{76E7410D-07ED-4137-BB37-11DD004120D9}.Release|Any CPU.Build.0 = Release|Any CPU
		{025C1A7B-C210-45D9-844B-A023AACE26AB}.Debug|Any CPU.ActiveCfg = Debug|Any CPU
		{025C1A7B-C210-45D9-844B-A023AACE26AB}.Debug|Any CPU.Build.0 = Debug|Any CPU
		{025C1A7B-C210-45D9-844B-A023AACE26AB}.Release|Any CPU.ActiveCfg = Release|Any CPU
		{025C1A7B-C210-45D9-844B-A023AACE26AB}.Release|Any CPU.Build.0 = Release|Any CPU
		{5F1FB09A-9139-4D4C-8D41-EEFAD3F46DF0}.Debug|Any CPU.ActiveCfg = Debug|Any CPU
		{5F1FB09A-9139-4D4C-8D41-EEFAD3F46DF0}.Debug|Any CPU.Build.0 = Debug|Any CPU
		{5F1FB09A-9139-4D4C-8D41-EEFAD3F46DF0}.Debug|Any CPU.Deploy.0 = Debug|Any CPU
		{5F1FB09A-9139-4D4C-8D41-EEFAD3F46DF0}.Release|Any CPU.ActiveCfg = Release|Any CPU
		{5F1FB09A-9139-4D4C-8D41-EEFAD3F46DF0}.Release|Any CPU.Build.0 = Release|Any CPU
		{5C62520E-B7BE-4007-ADF0-BB3FB620F95D}.Debug|Any CPU.ActiveCfg = Debug|Any CPU
		{5C62520E-B7BE-4007-ADF0-BB3FB620F95D}.Debug|Any CPU.Build.0 = Debug|Any CPU
		{5C62520E-B7BE-4007-ADF0-BB3FB620F95D}.Release|Any CPU.ActiveCfg = Release|Any CPU
		{5C62520E-B7BE-4007-ADF0-BB3FB620F95D}.Release|Any CPU.Build.0 = Release|Any CPU
		{D65604C2-2A5B-44F0-98CA-096ECAF1A9A5}.Debug|Any CPU.ActiveCfg = Debug|Any CPU
		{D65604C2-2A5B-44F0-98CA-096ECAF1A9A5}.Debug|Any CPU.Build.0 = Debug|Any CPU
		{D65604C2-2A5B-44F0-98CA-096ECAF1A9A5}.Release|Any CPU.ActiveCfg = Release|Any CPU
		{D65604C2-2A5B-44F0-98CA-096ECAF1A9A5}.Release|Any CPU.Build.0 = Release|Any CPU
		{522FAF55-36F7-4592-AE54-2E74A5A3AD73}.Debug|Any CPU.ActiveCfg = Debug|Any CPU
		{522FAF55-36F7-4592-AE54-2E74A5A3AD73}.Debug|Any CPU.Build.0 = Debug|Any CPU
		{522FAF55-36F7-4592-AE54-2E74A5A3AD73}.Release|Any CPU.ActiveCfg = Release|Any CPU
		{522FAF55-36F7-4592-AE54-2E74A5A3AD73}.Release|Any CPU.Build.0 = Release|Any CPU
		{851CB3A4-0086-46EC-99CE-A25ABF45AFF7}.Debug|Any CPU.ActiveCfg = Debug|Any CPU
		{851CB3A4-0086-46EC-99CE-A25ABF45AFF7}.Debug|Any CPU.Build.0 = Debug|Any CPU
		{851CB3A4-0086-46EC-99CE-A25ABF45AFF7}.Release|Any CPU.ActiveCfg = Release|Any CPU
		{851CB3A4-0086-46EC-99CE-A25ABF45AFF7}.Release|Any CPU.Build.0 = Release|Any CPU
		{D751BCB1-EE82-4BF6-9360-271DE073E7E4}.Debug|Any CPU.ActiveCfg = Debug|Any CPU
		{D751BCB1-EE82-4BF6-9360-271DE073E7E4}.Debug|Any CPU.Build.0 = Debug|Any CPU
		{D751BCB1-EE82-4BF6-9360-271DE073E7E4}.Release|Any CPU.ActiveCfg = Release|Any CPU
		{D751BCB1-EE82-4BF6-9360-271DE073E7E4}.Release|Any CPU.Build.0 = Release|Any CPU
	EndGlobalSection
	GlobalSection(SolutionProperties) = preSolution
		HideSolutionNode = FALSE
	EndGlobalSection
	GlobalSection(NestedProjects) = preSolution
		{1617A88D-2BBB-47A5-8F1D-F201DBD70DEE} = {A85D9EDF-9B06-44AC-BD99-6C5B7643A601}
		{AF8F8C96-8EF6-4D1C-BA32-0BB442D33A01} = {A85D9EDF-9B06-44AC-BD99-6C5B7643A601}
		{E9A4DD6F-40D4-4261-8465-668BD47731E2} = {55C4802C-D528-4C81-A7B8-BE827CC3B947}
		{0816E6FB-1C15-488F-9190-98F1D6977BF7} = {D31766F0-55B0-41AF-9C5D-D5ABD0A7779B}
		{45673CE3-9B69-4FA8-ACE2-5A401A0B3467} = {55C4802C-D528-4C81-A7B8-BE827CC3B947}
		{1B5B1899-D697-4050-A31F-CFACD8C4BFEE} = {A85D9EDF-9B06-44AC-BD99-6C5B7643A601}
		{40F1ED6F-D7DC-43EC-9839-F4D8B81C65C1} = {A85D9EDF-9B06-44AC-BD99-6C5B7643A601}
		{4C13D102-58DC-4CA7-AEFB-D6B5E48D2160} = {9A98E310-5CDF-4C15-A9A8-5A2B6414365A}
		{3EFA8B6C-03F3-44D3-B008-526D4E2A76E2} = {55C4802C-D528-4C81-A7B8-BE827CC3B947}
		{3CCF1977-5317-49EF-9F7A-67B8C14AB65F} = {55C4802C-D528-4C81-A7B8-BE827CC3B947}
		{E258DBE3-1CEA-49B5-8072-D340DBFB6328} = {55C4802C-D528-4C81-A7B8-BE827CC3B947}
		{76E7410D-07ED-4137-BB37-11DD004120D9} = {9A98E310-5CDF-4C15-A9A8-5A2B6414365A}
		{025C1A7B-C210-45D9-844B-A023AACE26AB} = {55C4802C-D528-4C81-A7B8-BE827CC3B947}
		{5F1FB09A-9139-4D4C-8D41-EEFAD3F46DF0} = {EA8C59FE-F3B8-4FD5-B635-421F5E89DA8D}
		{5C62520E-B7BE-4007-ADF0-BB3FB620F95D} = {EA8C59FE-F3B8-4FD5-B635-421F5E89DA8D}
		{D65604C2-2A5B-44F0-98CA-096ECAF1A9A5} = {EA8C59FE-F3B8-4FD5-B635-421F5E89DA8D}
		{522FAF55-36F7-4592-AE54-2E74A5A3AD73} = {A8E4F933-E213-4616-9C95-D3B1E98FC699}
		{851CB3A4-0086-46EC-99CE-A25ABF45AFF7} = {4074D673-9FC0-4EAB-8DA1-70BD50F27C26}
		{D751BCB1-EE82-4BF6-9360-271DE073E7E4} = {4074D673-9FC0-4EAB-8DA1-70BD50F27C26}
	EndGlobalSection
EndGlobal
